
Microsoft Visual Studio Solution File, Format Version 10.00
# Visual Studio 2008
Project("{FAE04EC0-301F-11D3-BF4B-00C04F79EFBC}") = "QQWry.NET", "QQWry.NET\QQWry.NET.csproj", "{DE904359-FBDF-4CA4-AC84-4E6CE3F3C9CE}"
EndProject
Project("{FAE04EC0-301F-11D3-BF4B-00C04F79EFBC}") = "QQWry.Test", "QQWry.Test\QQWry.Test.csproj", "{F8D53B48-6182-408B-B0A2-02382EDD5FA3}"
EndProject
Global
	GlobalSection(SolutionConfigurationPlatforms) = preSolution
		Debug|Any CPU = Debug|Any CPU
		Release|Any CPU = Release|Any CPU
	EndGlobalSection
	GlobalSection(ProjectConfigurationPlatforms) = postSolution
		{DE904359-FBDF-4CA4-AC84-4E6CE3F3C9CE}.Debug|Any CPU.ActiveCfg = Release|Any CPU
		{DE904359-FBDF-4CA4-AC84-4E6CE3F3C9CE}.Debug|Any CPU.Build.0 = Release|Any CPU
		{DE904359-FBDF-4CA4-AC84-4E6CE3F3C9CE}.Release|Any CPU.ActiveCfg = Release|Any CPU
		{DE904359-FBDF-4CA4-AC84-4E6CE3F3C9CE}.Release|Any CPU.Build.0 = Release|Any CPU
		{F8D53B48-6182-408B-B0A2-02382EDD5FA3}.Debug|Any CPU.ActiveCfg = Debug|Any CPU
		{F8D53B48-6182-408B-B0A2-02382EDD5FA3}.Debug|Any CPU.Build.0 = Debug|Any CPU
		{F8D53B48-6182-408B-B0A2-02382EDD5FA3}.Release|Any CPU.ActiveCfg = Release|Any CPU
		{F8D53B48-6182-408B-B0A2-02382EDD5FA3}.Release|Any CPU.Build.0 = Release|Any CPU
	EndGlobalSection
	GlobalSection(SolutionProperties) = preSolution
		HideSolutionNode = FALSE
	EndGlobalSection
EndGlobal
